// !$*UTF8*$!
{
	archiveVersion = 1;
	classes = {
	};
	objectVersion = 48;
	objects = {

/* Begin PBXBuildFile section */
		6F2773F91F90E2C600BEFB42 /* AppDelegate.swift in Sources */ = {isa = PBXBuildFile; fileRef = 6F2773F81F90E2C600BEFB42 /* AppDelegate.swift */; };
		6F2773FB1F90E2C600BEFB42 /* ViewController.swift in Sources */ = {isa = PBXBuildFile; fileRef = 6F2773FA1F90E2C600BEFB42 /* ViewController.swift */; };
		6F2773FE1F90E2C600BEFB42 /* Main.storyboard in Resources */ = {isa = PBXBuildFile; fileRef = 6F2773FC1F90E2C600BEFB42 /* Main.storyboard */; };
		6F2774001F90E2C600BEFB42 /* Assets.xcassets in Resources */ = {isa = PBXBuildFile; fileRef = 6F2773FF1F90E2C600BEFB42 /* Assets.xcassets */; };
		6F2774031F90E2C600BEFB42 /* LaunchScreen.storyboard in Resources */ = {isa = PBXBuildFile; fileRef = 6F2774011F90E2C600BEFB42 /* LaunchScreen.storyboard */; };
		6F27740C1F90F56500BEFB42 /* WebKit.framework in Frameworks */ = {isa = PBXBuildFile; fileRef = 6F27740B1F90F56500BEFB42 /* WebKit.framework */; };
/* End PBXBuildFile section */

/* Begin PBXFileReference section */
		6F2773F51F90E2C600BEFB42 /* navegador.app */ = {isa = PBXFileReference; explicitFileType = wrapper.application; includeInIndex = 0; path = navegador.app; sourceTree = BUILT_PRODUCTS_DIR; };
		6F2773F81F90E2C600BEFB42 /* AppDelegate.swift */ = {isa = PBXFileReference; lastKnownFileType = sourcecode.swift; path = AppDelegate.swift; sourceTree = "<group>"; };
		6F2773FA1F90E2C600BEFB42 /* ViewController.swift */ = {isa = PBXFileReference; lastKnownFileType = sourcecode.swift; path = ViewController.swift; sourceTree = "<group>"; };
		6F2773FD1F90E2C600BEFB42 /* Base */ = {isa = PBXFileReference; lastKnownFileType = file.storyboard; name = Base; path = Base.lproj/Main.storyboard; sourceTree = "<group>"; };
		6F2773FF1F90E2C600BEFB42 /* Assets.xcassets */ = {isa = PBXFileReference; lastKnownFileType = folder.assetcatalog; path = Assets.xcassets; sourceTree = "<group>"; };
		6F2774021F90E2C600BEFB42 /* Base */ = {isa = PBXFileReference; lastKnownFileType = file.storyboard; name = Base; path = Base.lproj/LaunchScreen.storyboard; sourceTree = "<group>"; };
		6F2774041F90E2C600BEFB42 /* Info.plist */ = {isa = PBXFileReference; lastKnownFileType = text.plist.xml; path = Info.plist; sourceTree = "<group>"; };
		6F27740B1F90F56500BEFB42 /* WebKit.framework */ = {isa = PBXFileReference; lastKnownFileType = wrapper.framework; name = WebKit.framework; path = System/Library/Frameworks/WebKit.framework; sourceTree = SDKROOT; };
/* End PBXFileReference section */

/* Begin PBXFrameworksBuildPhase section */
		6F2773F21F90E2C600BEFB42 /* Frameworks */ = {
			isa = PBXFrameworksBuildPhase;
			buildActionMask = 2147483647;
			files = (
				6F27740C1F90F56500BEFB42 /* WebKit.framework in Frameworks */,
			);
			runOnlyForDeploymentPostprocessing = 0;
		};
/* End PBXFrameworksBuildPhase section */

/* Begin PBXGroup section */
		6F2773EC1F90E2C500BEFB42 = {
			isa = PBXGroup;
			children = (
				6F2773F71F90E2C600BEFB42 /* navegador */,
				6F2773F61F90E2C600BEFB42 /* Products */,
				6F27740A1F90F56400BEFB42 /* Frameworks */,
			);
			sourceTree = "<group>";
		};
		6F2773F61F90E2C600BEFB42 /* Products */ = {
			isa = PBXGroup;
			children = (
				6F2773F51F90E2C600BEFB42 /* navegador.app */,
			);
			name = Products;
			sourceTree = "<group>";
		};
		6F2773F71F90E2C600BEFB42 /* navegador */ = {
			isa = PBXGroup;
			children = (
				6F2773F81F90E2C600BEFB42 /* AppDelegate.swift */,
				6F2773FA1F90E2C600BEFB42 /* ViewController.swift */,
				6F2773FC1F90E2C600BEFB42 /* Main.storyboard */,
				6F2773FF1F90E2C600BEFB42 /* Assets.xcassets */,
				6F2774011F90E2C600BEFB42 /* LaunchScreen.storyboard */,
				6F2774041F90E2C600BEFB42 /* Info.plist */,
			);
			path = navegador;
			sourceTree = "<group>";
		};
		6F27740A1F90F56400BEFB42 /* Frameworks */ = {
			isa = PBXGroup;
			children = (
				6F27740B1F90F56500BEFB42 /* WebKit.framework */,
			);
			name = Frameworks;
			sourceTree = "<group>";
		};
/* End PBXGroup section */

/* Begin PBXNativeTarget section */
		6F2773F41F90E2C600BEFB42 /* navegador */ = {
			isa = PBXNativeTarget;
			buildConfigurationList = 6F2774071F90E2C600BEFB42 /* Build configuration list for PBXNativeTarget "navegador" */;
			buildPhases = (
				6F2773F11F90E2C600BEFB42 /* Sources */,
				6F2773F21F90E2C600BEFB42 /* Frameworks */,
				6F2773F31F90E2C600BEFB42 /* Resources */,
			);
			buildRules = (
			);
			dependencies = (
			);
			name = navegador;
			productName = navegador;
			productReference = 6F2773F51F90E2C600BEFB42 /* navegador.app */;
			productType = "com.apple.product-type.application";
		};
/* End PBXNativeTarget section */

/* Begin PBXProject section */
		6F2773ED1F90E2C500BEFB42 /* Project object */ = {
			isa = PBXProject;
			attributes = {
				LastSwiftUpdateCheck = 0900;
				LastUpgradeCheck = 0900;
				ORGANIZATIONNAME = Mosyle;
				TargetAttributes = {
					6F2773F41F90E2C600BEFB42 = {
						CreatedOnToolsVersion = 9.0;
						ProvisioningStyle = Automatic;
					};
				};
			};
			buildConfigurationList = 6F2773F01F90E2C500BEFB42 /* Build configuration list for PBXProject "navegador" */;
			compatibilityVersion = "Xcode 8.0";
			developmentRegion = en;
			hasScannedForEncodings = 0;
			knownRegions = (
				en,
				Base,
			);
			mainGroup = 6F2773EC1F90E2C500BEFB42;
			productRefGroup = 6F2773F61F90E2C600BEFB42 /* Products */;
			projectDirPath = "";
			projectRoot = "";
			targets = (
				6F2773F41F90E2C600BEFB42 /* navegador */,
			);
		};
/* End PBXProject section */

/* Begin PBXResourcesBuildPhase section */
		6F2773F31F90E2C600BEFB42 /* Resources */ = {
			isa = PBXResourcesBuildPhase;
			buildActionMask = 2147483647;
			files = (
				6F2774031F90E2C600BEFB42 /* LaunchScreen.storyboard in Resources */,
				6F2774001F90E2C600BEFB42 /* Assets.xcassets in Resources */,
				6F2773FE1F90E2C600BEFB42 /* Main.storyboard in Resources */,
			);
			runOnlyForDeploymentPostprocessing = 0;
		};
/* End PBXResourcesBuildPhase section */

/* Begin PBXSourcesBuildPhase section */
		6F2773F11F90E2C600BEFB42 /* Sources */ = {
			isa = PBXSourcesBuildPhase;
			buildActionMask = 2147483647;
			files = (
				6F2773FB1F90E2C600BEFB42 /* ViewController.swift in Sources */,
				6F2773F91F90E2C600BEFB42 /* AppDelegate.swift in Sources */,
			);
			runOnlyForDeploymentPostprocessing = 0;
		};
/* End PBXSourcesBuildPhase section */

/* Begin PBXVariantGroup section */
		6F2773FC1F90E2C600BEFB42 /* Main.storyboard */ = {
			isa = PBXVariantGroup;
			children = (
				6F2773FD1F90E2C600BEFB42 /* Base */,
			);
			name = Main.storyboard;
			sourceTree = "<group>";
		};
		6F2774011F90E2C600BEFB42 /* LaunchScreen.storyboard */ = {
			isa = PBXVariantGroup;
			children = (
				6F2774021F90E2C600BEFB42 /* Base */,
			);
			name = LaunchScreen.storyboard;
			sourceTree = "<group>";
		};
/* End PBXVariantGroup section */

/* Begin XCBuildConfiguration section */
		6F2774051F90E2C600BEFB42 /* Debug */ = {
			isa = XCBuildConfiguration;
			buildSettings = {
				ALWAYS_SEARCH_USER_PATHS = NO;
				CLANG_ANALYZER_NONNULL = YES;
				CLANG_ANALYZER_NUMBER_OBJECT_CONVERSION = YES_AGGRESSIVE;
				CLANG_CXX_LANGUAGE_STANDARD = "gnu++14";
				CLANG_CXX_LIBRARY = "libc++";
				CLANG_ENABLE_MODULES = YES;
				CLANG_ENABLE_OBJC_ARC = YES;
				CLANG_WARN_BLOCK_CAPTURE_AUTORELEASING = YES;
				CLANG_WARN_BOOL_CONVERSION = YES;
				CLANG_WARN_COMMA = YES;
				CLANG_WARN_CONSTANT_CONVERSION = YES;
				CLANG_WARN_DIRECT_OBJC_ISA_USAGE = YES_ERROR;
				CLANG_WARN_DOCUMENTATION_COMMENTS = YES;
				CLANG_WARN_EMPTY_BODY = YES;
				CLANG_WARN_ENUM_CONVERSION = YES;
				CLANG_WARN_INFINITE_RECURSION = YES;
				CLANG_WARN_INT_CONVERSION = YES;
				CLANG_WARN_NON_LITERAL_NULL_CONVERSION = YES;
				CLANG_WARN_OBJC_LITERAL_CONVERSION = YES;
				CLANG_WARN_OBJC_ROOT_CLASS = YES_ERROR;
				CLANG_WARN_RANGE_LOOP_ANALYSIS = YES;
				CLANG_WARN_STRICT_PROTOTYPES = YES;
				CLANG_WARN_SUSPICIOUS_MOVE = YES;
				CLANG_WARN_UNGUARDED_AVAILABILITY = YES_AGGRESSIVE;
				CLANG_WARN_UNREACHABLE_CODE = YES;
				CLANG_WARN__DUPLICATE_METHOD_MATCH = YES;
				CODE_SIGN_IDENTITY = "iPhone Developer";
				COPY_PHASE_STRIP = NO;
				DEBUG_INFORMATION_FORMAT = dwarf;
				ENABLE_STRICT_OBJC_MSGSEND = YES;
				ENABLE_TESTABILITY = YES;
				GCC_C_LANGUAGE_STANDARD = gnu11;
				GCC_DYNAMIC_NO_PIC = NO;
				GCC_NO_COMMON_BLOCKS = YES;
				GCC_OPTIMIZATION_LEVEL = 0;
				GCC_PREPROCESSOR_DEFINITIONS = (
					"DEBUG=1",
					"$(inherited)",
				);
				GCC_WARN_64_TO_32_BIT_CONVERSION = YES;
				GCC_WARN_ABOUT_RETURN_TYPE = YES_ERROR;
				GCC_WARN_UNDECLARED_SELECTOR = YES;
				GCC_WARN_UNINITIALIZED_AUTOS = YES_AGGRESSIVE;
				GCC_WARN_UNUSED_FUNCTION = YES;
				GCC_WARN_UNUSED_VARIABLE = YES;
				IPHONEOS_DEPLOYMENT_TARGET = 11.0;
				MTL_ENABLE_DEBUG_INFO = YES;
				ONLY_ACTIVE_ARCH = YES;
				SDKROOT = iphoneos;
				SWIFT_ACTIVE_COMPILATION_CONDITIONS = DEBUG;
				SWIFT_OPTIMIZATION_LEVEL = "-Onone";
			};
			name = Debug;
		};
		6F2774061F90E2C600BEFB42 /* Release */ = {
			isa = XCBuildConfiguration;
			buildSettings = {
				ALWAYS_SEARCH_USER_PATHS = NO;
				CLANG_ANALYZER_NONNULL = YES;
				CLANG_ANALYZER_NUMBER_OBJECT_CONVERSION = YES_AGGRESSIVE;
				CLANG_CXX_LANGUAGE_STANDARD = "gnu++14";
				CLANG_CXX_LIBRARY = "libc++";
				CLANG_ENABLE_MODULES = YES;
				CLANG_ENABLE_OBJC_ARC = YES;
				CLANG_WARN_BLOCK_CAPTURE_AUTORELEASING = YES;
				CLANG_WARN_BOOL_CONVERSION = YES;
				CLANG_WARN_COMMA = YES;
				CLANG_WARN_CONSTANT_CONVERSION = YES;
				CLANG_WARN_DIRECT_OBJC_ISA_USAGE = YES_ERROR;
				CLANG_WARN_DOCUMENTATION_COMMENTS = YES;
				CLANG_WARN_EMPTY_BODY = YES;
				CLANG_WARN_ENUM_CONVERSION = YES;
				CLANG_WARN_INFINITE_RECURSION = YES;
				CLANG_WARN_INT_CONVERSION = YES;
				CLANG_WARN_NON_LITERAL_NULL_CONVERSION = YES;
				CLANG_WARN_OBJC_LITERAL_CONVERSION = YES;
				CLANG_WARN_OBJC_ROOT_CLASS = YES_ERROR;
				CLANG_WARN_RANGE_LOOP_ANALYSIS = YES;
				CLANG_WARN_STRICT_PROTOTYPES = YES;
				CLANG_WARN_SUSPICIOUS_MOVE = YES;
				CLANG_WARN_UNGUARDED_AVAILABILITY = YES_AGGRESSIVE;
				CLANG_WARN_UNREACHABLE_CODE = YES;
				CLANG_WARN__DUPLICATE_METHOD_MATCH = YES;
				CODE_SIGN_IDENTITY = "iPhone Developer";
				COPY_PHASE_STRIP = NO;
				DEBUG_INFORMATION_FORMAT = "dwarf-with-dsym";
				ENABLE_NS_ASSERTIONS = NO;
				ENABLE_STRICT_OBJC_MSGSEND = YES;
				GCC_C_LANGUAGE_STANDARD = gnu11;
				GCC_NO_COMMON_BLOCKS = YES;
				GCC_WARN_64_TO_32_BIT_CONVERSION = YES;
				GCC_WARN_ABOUT_RETURN_TYPE = YES_ERROR;
				GCC_WARN_UNDECLARED_SELECTOR = YES;
				GCC_WARN_UNINITIALIZED_AUTOS = YES_AGGRESSIVE;
				GCC_WARN_UNUSED_FUNCTION = YES;
				GCC_WARN_UNUSED_VARIABLE = YES;
				IPHONEOS_DEPLOYMENT_TARGET = 11.0;
				MTL_ENABLE_DEBUG_INFO = NO;
				SDKROOT = iphoneos;
				SWIFT_OPTIMIZATION_LEVEL = "-Owholemodule";
				VALIDATE_PRODUCT = YES;
			};
			name = Release;
		};
		6F2774081F90E2C600BEFB42 /* Debug */ = {
			isa = XCBuildConfiguration;
			buildSettings = {
				ASSETCATALOG_COMPILER_APPICON_NAME = AppIcon;
				CODE_SIGN_STYLE = Automatic;
				DEVELOPMENT_TEAM = B5R22H8A5L;
				INFOPLIST_FILE = navegador/Info.plist;
				LD_RUNPATH_SEARCH_PATHS = "$(inherited) @executable_path/Frameworks";
				PRODUCT_BUNDLE_IDENTIFIER = Mosyle.navegador;
				PRODUCT_NAME = "$(TARGET_NAME)";
				SWIFT_VERSION = 4.0;
				TARGETED_DEVICE_FAMILY = "1,2";
			};
			name = Debug;
		};
		6F2774091F90E2C600BEFB42 /* Release */ = {
			isa = XCBuildConfiguration;
			buildSettings = {
				ASSETCATALOG_COMPILER_APPICON_NAME = AppIcon;
				CODE_SIGN_STYLE = Automatic;
				DEVELOPMENT_TEAM = B5R22H8A5L;
				INFOPLIST_FILE = navegador/Info.plist;
				LD_RUNPATH_SEARCH_PATHS = "$(inherited) @executable_path/Frameworks";
				PRODUCT_BUNDLE_IDENTIFIER = Mosyle.navegador;
				PRODUCT_NAME = "$(TARGET_NAME)";
				SWIFT_VERSION = 4.0;
				TARGETED_DEVICE_FAMILY = "1,2";
			};
			name = Release;
		};
/* End XCBuildConfiguration section */

/* Begin XCConfigurationList section */
		6F2773F01F90E2C500BEFB42 /* Build configuration list for PBXProject "navegador" */ = {
			isa = XCConfigurationList;
			buildConfigurations = (
				6F2774051F90E2C600BEFB42 /* Debug */,
				6F2774061F90E2C600BEFB42 /* Release */,
			);
			defaultConfigurationIsVisible = 0;
			defaultConfigurationName = Release;
		};
		6F2774071F90E2C600BEFB42 /* Build configuration list for PBXNativeTarget "navegador" */ = {
			isa = XCConfigurationList;
			buildConfigurations = (
				6F2774081F90E2C600BEFB42 /* Debug */,
				6F2774091F90E2C600BEFB42 /* Release */,
			);
			defaultConfigurationIsVisible = 0;
			defaultConfigurationName = Release;
		};
/* End XCConfigurationList section */
	};
	rootObject = 6F2773ED1F90E2C500BEFB42 /* Project object */;
}
